
Microsoft Visual Studio Solution File, Format Version 12.00
# Visual Studio Version 16
VisualStudioVersion = 16.0.30114.105
MinimumVisualStudioVersion = 10.0.40219.1
Project("{FAE04EC0-301F-11D3-BF4B-00C04F79EFBC}") = "HeaplessUtility", "src\HeaplessUtility.csproj", "{53B456FC-DF82-4E5D-9EBD-8C51F1B6E05C}"
EndProject
Project("{FAE04EC0-301F-11D3-BF4B-00C04F79EFBC}") = "HeaplessUtility.Tests", "tests\HeaplessUtility.Tests.csproj", "{95BB013F-88F0-4896-8310-AFB04F6A7F66}"
EndProject
Global
	GlobalSection(SolutionConfigurationPlatforms) = preSolution
		Debug|Any CPU = Debug|Any CPU
		Debug|x64 = Debug|x64
		Debug|x86 = Debug|x86
		Release|Any CPU = Release|Any CPU
		Release|x64 = Release|x64
		Release|x86 = Release|x86
	EndGlobalSection
	GlobalSection(SolutionProperties) = preSolution
		HideSolutionNode = FALSE
	EndGlobalSection
	GlobalSection(ProjectConfigurationPlatforms) = postSolution
		{53B456FC-DF82-4E5D-9EBD-8C51F1B6E05C}.Debug|Any CPU.ActiveCfg = Debug|Any CPU
		{53B456FC-DF82-4E5D-9EBD-8C51F1B6E05C}.Debug|Any CPU.Build.0 = Debug|Any CPU
		{53B456FC-DF82-4E5D-9EBD-8C51F1B6E05C}.Debug|x64.ActiveCfg = Debug|Any CPU
		{53B456FC-DF82-4E5D-9EBD-8C51F1B6E05C}.Debug|x64.Build.0 = Debug|Any CPU
		{53B456FC-DF82-4E5D-9EBD-8C51F1B6E05C}.Debug|x86.ActiveCfg = Debug|Any CPU
		{53B456FC-DF82-4E5D-9EBD-8C51F1B6E05C}.Debug|x86.Build.0 = Debug|Any CPU
		{53B456FC-DF82-4E5D-9EBD-8C51F1B6E05C}.Release|Any CPU.ActiveCfg = Release|Any CPU
		{53B456FC-DF82-4E5D-9EBD-8C51F1B6E05C}.Release|Any CPU.Build.0 = Release|Any CPU
		{53B456FC-DF82-4E5D-9EBD-8C51F1B6E05C}.Release|x64.ActiveCfg = Release|Any CPU
		{53B456FC-DF82-4E5D-9EBD-8C51F1B6E05C}.Release|x64.Build.0 = Release|Any CPU
		{53B456FC-DF82-4E5D-9EBD-8C51F1B6E05C}.Release|x86.ActiveCfg = Release|Any CPU
		{53B456FC-DF82-4E5D-9EBD-8C51F1B6E05C}.Release|x86.Build.0 = Release|Any CPU
		{95BB013F-88F0-4896-8310-AFB04F6A7F66}.Debug|Any CPU.ActiveCfg = Debug|Any CPU
		{95BB013F-88F0-4896-8310-AFB04F6A7F66}.Debug|Any CPU.Build.0 = Debug|Any CPU
		{95BB013F-88F0-4896-8310-AFB04F6A7F66}.Debug|x64.ActiveCfg = Debug|Any CPU
		{95BB013F-88F0-4896-8310-AFB04F6A7F66}.Debug|x64.Build.0 = Debug|Any CPU
		{95BB013F-88F0-4896-8310-AFB04F6A7F66}.Debug|x86.ActiveCfg = Debug|Any CPU
		{95BB013F-88F0-4896-8310-AFB04F6A7F66}.Debug|x86.Build.0 = Debug|Any CPU
		{95BB013F-88F0-4896-8310-AFB04F6A7F66}.Release|Any CPU.ActiveCfg = Release|Any CPU
		{95BB013F-88F0-4896-8310-AFB04F6A7F66}.Release|Any CPU.Build.0 = Release|Any CPU
		{95BB013F-88F0-4896-8310-AFB04F6A7F66}.Release|x64.ActiveCfg = Release|Any CPU
		{95BB013F-88F0-4896-8310-AFB04F6A7F66}.Release|x64.Build.0 = Release|Any CPU
		{95BB013F-88F0-4896-8310-AFB04F6A7F66}.Release|x86.ActiveCfg = Release|Any CPU
		{95BB013F-88F0-4896-8310-AFB04F6A7F66}.Release|x86.Build.0 = Release|Any CPU
	EndGlobalSection
EndGlobal
