
Microsoft Visual Studio Solution File, Format Version 12.00
# Visual Studio Version 16
VisualStudioVersion = 16.0.30114.105
MinimumVisualStudioVersion = 10.0.40219.1
Project("{2150E333-8FDC-42A3-9474-1A3956D46DE8}") = "src", "src", "{77AC5AF2-1826-4385-A769-2964B46EA7F0}"
EndProject
Project("{2150E333-8FDC-42A3-9474-1A3956D46DE8}") = "Memory", "Memory", "{1718D14C-44EF-4C15-A16F-C742008D8FC4}"
EndProject
Project("{FAE04EC0-301F-11D3-BF4B-00C04F79EFBC}") = "Bit", "src\Memory\Bit\Bit.csproj", "{ADD902D0-00D2-4883-9FB8-734725E080F1}"
EndProject
Project("{FAE04EC0-301F-11D3-BF4B-00C04F79EFBC}") = "Buffers", "src\Memory\Buffers\Buffers.csproj", "{BF599BF3-42B3-4880-8E81-41788FA13F9B}"
EndProject
Project("{FAE04EC0-301F-11D3-BF4B-00C04F79EFBC}") = "Common", "src\Memory\Common\Common.csproj", "{B593908B-33A8-47F6-80E3-A5640E9B9188}"
EndProject
Project("{FAE04EC0-301F-11D3-BF4B-00C04F79EFBC}") = "Inline", "src\Memory\Inline\Inline.csproj", "{58050BC2-28A3-4A33-A681-296983BB883E}"
EndProject
Project("{FAE04EC0-301F-11D3-BF4B-00C04F79EFBC}") = "Vec", "src\Memory\Vec\Vec.csproj", "{7974BA38-7758-4034-B517-D8EBF1E84A26}"
EndProject
Project("{FAE04EC0-301F-11D3-BF4B-00C04F79EFBC}") = "Attributes", "src\Attributes\Attributes.csproj", "{B2B4D42D-2F28-4742-AEA6-07B9F5737F37}"
EndProject
Project("{FAE04EC0-301F-11D3-BF4B-00C04F79EFBC}") = "Common", "src\Common\Common.csproj", "{7E326A6A-C4A7-4487-8041-67C050CB5ADC}"
EndProject
Project("{FAE04EC0-301F-11D3-BF4B-00C04F79EFBC}") = "DataEnumGen", "src\DataEnumGen\DataEnumGen.csproj", "{99885C45-03CE-4558-BB85-E495126C1CF1}"
EndProject
Project("{FAE04EC0-301F-11D3-BF4B-00C04F79EFBC}") = "Functional", "src\Functional\Functional.csproj", "{5DDFD5C0-B436-4975-9355-88F74AD097E3}"
EndProject
Project("{FAE04EC0-301F-11D3-BF4B-00C04F79EFBC}") = "Json", "src\Json\Json.csproj", "{BB9BBC68-698A-4165-AF45-FB55F2451741}"
EndProject
Project("{FAE04EC0-301F-11D3-BF4B-00C04F79EFBC}") = "Reflect", "src\Reflect\Reflect.csproj", "{F172040D-9637-482D-B4E0-6C2F0F76BA4E}"
EndProject
Project("{FAE04EC0-301F-11D3-BF4B-00C04F79EFBC}") = "Source", "src\Source\Source.csproj", "{D27A49A4-31FC-492E-ACF8-B6DCC9A055C7}"
EndProject
Project("{FAE04EC0-301F-11D3-BF4B-00C04F79EFBC}") = "Text", "src\Text\Text.csproj", "{33CB0933-9345-4373-94C0-2A8C059B1CA2}"
EndProject
Project("{2150E333-8FDC-42A3-9474-1A3956D46DE8}") = "tests", "tests", "{CC514F87-1E62-49CB-8ACC-0C557AF7011A}"
EndProject
Project("{FAE04EC0-301F-11D3-BF4B-00C04F79EFBC}") = "DataEnumGen", "tests\DataEnumGen\DataEnumGen.csproj", "{85FEB863-7964-4917-A3CA-A30A88BCBAEB}"
EndProject
Project("{FAE04EC0-301F-11D3-BF4B-00C04F79EFBC}") = "DataEnumGen.Run", "tests\DataEnumGen.Run\DataEnumGen.Run.csproj", "{A76C9DE8-3E38-42DF-983A-ACFAC6396532}"
EndProject
Project("{FAE04EC0-301F-11D3-BF4B-00C04F79EFBC}") = "Memory", "tests\Memory\Memory.csproj", "{DE32B6FD-CC30-44AE-8984-FFA56F1865A0}"
EndProject
Project("{FAE04EC0-301F-11D3-BF4B-00C04F79EFBC}") = "Reflect", "tests\Reflect\Reflect.csproj", "{179B88E1-B310-4748-B6AD-68EE08C3F41A}"
EndProject
Project("{FAE04EC0-301F-11D3-BF4B-00C04F79EFBC}") = "Text", "tests\Text\Text.csproj", "{D87C5B53-04AE-417D-9B1B-83BB830232F3}"
EndProject
Project("{FAE04EC0-301F-11D3-BF4B-00C04F79EFBC}") = "Memory", "src\Memory\Memory\Memory.csproj", "{EA246A79-10ED-45BF-AB0F-7DE2F32257EF}"
EndProject
Project("{FAE04EC0-301F-11D3-BF4B-00C04F79EFBC}") = "Native", "src\Native\Native.csproj", "{235CE491-C36A-4B44-A2D6-D0D59482001B}"
EndProject
Global
	GlobalSection(SolutionConfigurationPlatforms) = preSolution
		Debug|Any CPU = Debug|Any CPU
		Release|Any CPU = Release|Any CPU
	EndGlobalSection
	GlobalSection(SolutionProperties) = preSolution
		HideSolutionNode = FALSE
	EndGlobalSection
	GlobalSection(ProjectConfigurationPlatforms) = postSolution
		{ADD902D0-00D2-4883-9FB8-734725E080F1}.Debug|Any CPU.ActiveCfg = Debug|Any CPU
		{ADD902D0-00D2-4883-9FB8-734725E080F1}.Debug|Any CPU.Build.0 = Debug|Any CPU
		{ADD902D0-00D2-4883-9FB8-734725E080F1}.Release|Any CPU.ActiveCfg = Release|Any CPU
		{ADD902D0-00D2-4883-9FB8-734725E080F1}.Release|Any CPU.Build.0 = Release|Any CPU
		{BF599BF3-42B3-4880-8E81-41788FA13F9B}.Debug|Any CPU.ActiveCfg = Debug|Any CPU
		{BF599BF3-42B3-4880-8E81-41788FA13F9B}.Debug|Any CPU.Build.0 = Debug|Any CPU
		{BF599BF3-42B3-4880-8E81-41788FA13F9B}.Release|Any CPU.ActiveCfg = Release|Any CPU
		{BF599BF3-42B3-4880-8E81-41788FA13F9B}.Release|Any CPU.Build.0 = Release|Any CPU
		{B593908B-33A8-47F6-80E3-A5640E9B9188}.Debug|Any CPU.ActiveCfg = Debug|Any CPU
		{B593908B-33A8-47F6-80E3-A5640E9B9188}.Debug|Any CPU.Build.0 = Debug|Any CPU
		{B593908B-33A8-47F6-80E3-A5640E9B9188}.Release|Any CPU.ActiveCfg = Release|Any CPU
		{B593908B-33A8-47F6-80E3-A5640E9B9188}.Release|Any CPU.Build.0 = Release|Any CPU
		{58050BC2-28A3-4A33-A681-296983BB883E}.Debug|Any CPU.ActiveCfg = Debug|Any CPU
		{58050BC2-28A3-4A33-A681-296983BB883E}.Debug|Any CPU.Build.0 = Debug|Any CPU
		{58050BC2-28A3-4A33-A681-296983BB883E}.Release|Any CPU.ActiveCfg = Release|Any CPU
		{58050BC2-28A3-4A33-A681-296983BB883E}.Release|Any CPU.Build.0 = Release|Any CPU
		{7974BA38-7758-4034-B517-D8EBF1E84A26}.Debug|Any CPU.ActiveCfg = Debug|Any CPU
		{7974BA38-7758-4034-B517-D8EBF1E84A26}.Debug|Any CPU.Build.0 = Debug|Any CPU
		{7974BA38-7758-4034-B517-D8EBF1E84A26}.Release|Any CPU.ActiveCfg = Release|Any CPU
		{7974BA38-7758-4034-B517-D8EBF1E84A26}.Release|Any CPU.Build.0 = Release|Any CPU
		{B2B4D42D-2F28-4742-AEA6-07B9F5737F37}.Debug|Any CPU.ActiveCfg = Debug|Any CPU
		{B2B4D42D-2F28-4742-AEA6-07B9F5737F37}.Debug|Any CPU.Build.0 = Debug|Any CPU
		{B2B4D42D-2F28-4742-AEA6-07B9F5737F37}.Release|Any CPU.ActiveCfg = Release|Any CPU
		{B2B4D42D-2F28-4742-AEA6-07B9F5737F37}.Release|Any CPU.Build.0 = Release|Any CPU
		{7E326A6A-C4A7-4487-8041-67C050CB5ADC}.Debug|Any CPU.ActiveCfg = Debug|Any CPU
		{7E326A6A-C4A7-4487-8041-67C050CB5ADC}.Debug|Any CPU.Build.0 = Debug|Any CPU
		{7E326A6A-C4A7-4487-8041-67C050CB5ADC}.Release|Any CPU.ActiveCfg = Release|Any CPU
		{7E326A6A-C4A7-4487-8041-67C050CB5ADC}.Release|Any CPU.Build.0 = Release|Any CPU
		{99885C45-03CE-4558-BB85-E495126C1CF1}.Debug|Any CPU.ActiveCfg = Debug|Any CPU
		{99885C45-03CE-4558-BB85-E495126C1CF1}.Debug|Any CPU.Build.0 = Debug|Any CPU
		{99885C45-03CE-4558-BB85-E495126C1CF1}.Release|Any CPU.ActiveCfg = Release|Any CPU
		{99885C45-03CE-4558-BB85-E495126C1CF1}.Release|Any CPU.Build.0 = Release|Any CPU
		{5DDFD5C0-B436-4975-9355-88F74AD097E3}.Debug|Any CPU.ActiveCfg = Debug|Any CPU
		{5DDFD5C0-B436-4975-9355-88F74AD097E3}.Debug|Any CPU.Build.0 = Debug|Any CPU
		{5DDFD5C0-B436-4975-9355-88F74AD097E3}.Release|Any CPU.ActiveCfg = Release|Any CPU
		{5DDFD5C0-B436-4975-9355-88F74AD097E3}.Release|Any CPU.Build.0 = Release|Any CPU
		{BB9BBC68-698A-4165-AF45-FB55F2451741}.Debug|Any CPU.ActiveCfg = Debug|Any CPU
		{BB9BBC68-698A-4165-AF45-FB55F2451741}.Debug|Any CPU.Build.0 = Debug|Any CPU
		{BB9BBC68-698A-4165-AF45-FB55F2451741}.Release|Any CPU.ActiveCfg = Release|Any CPU
		{BB9BBC68-698A-4165-AF45-FB55F2451741}.Release|Any CPU.Build.0 = Release|Any CPU
		{F172040D-9637-482D-B4E0-6C2F0F76BA4E}.Debug|Any CPU.ActiveCfg = Debug|Any CPU
		{F172040D-9637-482D-B4E0-6C2F0F76BA4E}.Debug|Any CPU.Build.0 = Debug|Any CPU
		{F172040D-9637-482D-B4E0-6C2F0F76BA4E}.Release|Any CPU.ActiveCfg = Release|Any CPU
		{F172040D-9637-482D-B4E0-6C2F0F76BA4E}.Release|Any CPU.Build.0 = Release|Any CPU
		{D27A49A4-31FC-492E-ACF8-B6DCC9A055C7}.Debug|Any CPU.ActiveCfg = Debug|Any CPU
		{D27A49A4-31FC-492E-ACF8-B6DCC9A055C7}.Debug|Any CPU.Build.0 = Debug|Any CPU
		{D27A49A4-31FC-492E-ACF8-B6DCC9A055C7}.Release|Any CPU.ActiveCfg = Release|Any CPU
		{D27A49A4-31FC-492E-ACF8-B6DCC9A055C7}.Release|Any CPU.Build.0 = Release|Any CPU
		{33CB0933-9345-4373-94C0-2A8C059B1CA2}.Debug|Any CPU.ActiveCfg = Debug|Any CPU
		{33CB0933-9345-4373-94C0-2A8C059B1CA2}.Debug|Any CPU.Build.0 = Debug|Any CPU
		{33CB0933-9345-4373-94C0-2A8C059B1CA2}.Release|Any CPU.ActiveCfg = Release|Any CPU
		{33CB0933-9345-4373-94C0-2A8C059B1CA2}.Release|Any CPU.Build.0 = Release|Any CPU
		{85FEB863-7964-4917-A3CA-A30A88BCBAEB}.Debug|Any CPU.ActiveCfg = Debug|Any CPU
		{85FEB863-7964-4917-A3CA-A30A88BCBAEB}.Debug|Any CPU.Build.0 = Debug|Any CPU
		{85FEB863-7964-4917-A3CA-A30A88BCBAEB}.Release|Any CPU.ActiveCfg = Release|Any CPU
		{85FEB863-7964-4917-A3CA-A30A88BCBAEB}.Release|Any CPU.Build.0 = Release|Any CPU
		{A76C9DE8-3E38-42DF-983A-ACFAC6396532}.Debug|Any CPU.ActiveCfg = Debug|Any CPU
		{A76C9DE8-3E38-42DF-983A-ACFAC6396532}.Debug|Any CPU.Build.0 = Debug|Any CPU
		{A76C9DE8-3E38-42DF-983A-ACFAC6396532}.Release|Any CPU.ActiveCfg = Release|Any CPU
		{A76C9DE8-3E38-42DF-983A-ACFAC6396532}.Release|Any CPU.Build.0 = Release|Any CPU
		{DE32B6FD-CC30-44AE-8984-FFA56F1865A0}.Debug|Any CPU.ActiveCfg = Debug|Any CPU
		{DE32B6FD-CC30-44AE-8984-FFA56F1865A0}.Debug|Any CPU.Build.0 = Debug|Any CPU
		{DE32B6FD-CC30-44AE-8984-FFA56F1865A0}.Release|Any CPU.ActiveCfg = Release|Any CPU
		{DE32B6FD-CC30-44AE-8984-FFA56F1865A0}.Release|Any CPU.Build.0 = Release|Any CPU
		{179B88E1-B310-4748-B6AD-68EE08C3F41A}.Debug|Any CPU.ActiveCfg = Debug|Any CPU
		{179B88E1-B310-4748-B6AD-68EE08C3F41A}.Debug|Any CPU.Build.0 = Debug|Any CPU
		{179B88E1-B310-4748-B6AD-68EE08C3F41A}.Release|Any CPU.ActiveCfg = Release|Any CPU
		{179B88E1-B310-4748-B6AD-68EE08C3F41A}.Release|Any CPU.Build.0 = Release|Any CPU
		{D87C5B53-04AE-417D-9B1B-83BB830232F3}.Debug|Any CPU.ActiveCfg = Debug|Any CPU
		{D87C5B53-04AE-417D-9B1B-83BB830232F3}.Debug|Any CPU.Build.0 = Debug|Any CPU
		{D87C5B53-04AE-417D-9B1B-83BB830232F3}.Release|Any CPU.ActiveCfg = Release|Any CPU
		{D87C5B53-04AE-417D-9B1B-83BB830232F3}.Release|Any CPU.Build.0 = Release|Any CPU
		{EA246A79-10ED-45BF-AB0F-7DE2F32257EF}.Debug|Any CPU.ActiveCfg = Debug|Any CPU
		{EA246A79-10ED-45BF-AB0F-7DE2F32257EF}.Debug|Any CPU.Build.0 = Debug|Any CPU
		{EA246A79-10ED-45BF-AB0F-7DE2F32257EF}.Release|Any CPU.ActiveCfg = Release|Any CPU
		{EA246A79-10ED-45BF-AB0F-7DE2F32257EF}.Release|Any CPU.Build.0 = Release|Any CPU
		{235CE491-C36A-4B44-A2D6-D0D59482001B}.Debug|Any CPU.ActiveCfg = Debug|Any CPU
		{235CE491-C36A-4B44-A2D6-D0D59482001B}.Debug|Any CPU.Build.0 = Debug|Any CPU
		{235CE491-C36A-4B44-A2D6-D0D59482001B}.Release|Any CPU.ActiveCfg = Release|Any CPU
		{235CE491-C36A-4B44-A2D6-D0D59482001B}.Release|Any CPU.Build.0 = Release|Any CPU
	EndGlobalSection
	GlobalSection(NestedProjects) = preSolution
		{1718D14C-44EF-4C15-A16F-C742008D8FC4} = {77AC5AF2-1826-4385-A769-2964B46EA7F0}
		{ADD902D0-00D2-4883-9FB8-734725E080F1} = {1718D14C-44EF-4C15-A16F-C742008D8FC4}
		{BF599BF3-42B3-4880-8E81-41788FA13F9B} = {1718D14C-44EF-4C15-A16F-C742008D8FC4}
		{B593908B-33A8-47F6-80E3-A5640E9B9188} = {1718D14C-44EF-4C15-A16F-C742008D8FC4}
		{58050BC2-28A3-4A33-A681-296983BB883E} = {1718D14C-44EF-4C15-A16F-C742008D8FC4}
		{7974BA38-7758-4034-B517-D8EBF1E84A26} = {1718D14C-44EF-4C15-A16F-C742008D8FC4}
		{B2B4D42D-2F28-4742-AEA6-07B9F5737F37} = {77AC5AF2-1826-4385-A769-2964B46EA7F0}
		{7E326A6A-C4A7-4487-8041-67C050CB5ADC} = {77AC5AF2-1826-4385-A769-2964B46EA7F0}
		{99885C45-03CE-4558-BB85-E495126C1CF1} = {77AC5AF2-1826-4385-A769-2964B46EA7F0}
		{5DDFD5C0-B436-4975-9355-88F74AD097E3} = {77AC5AF2-1826-4385-A769-2964B46EA7F0}
		{BB9BBC68-698A-4165-AF45-FB55F2451741} = {77AC5AF2-1826-4385-A769-2964B46EA7F0}
		{F172040D-9637-482D-B4E0-6C2F0F76BA4E} = {77AC5AF2-1826-4385-A769-2964B46EA7F0}
		{D27A49A4-31FC-492E-ACF8-B6DCC9A055C7} = {77AC5AF2-1826-4385-A769-2964B46EA7F0}
		{33CB0933-9345-4373-94C0-2A8C059B1CA2} = {77AC5AF2-1826-4385-A769-2964B46EA7F0}
		{85FEB863-7964-4917-A3CA-A30A88BCBAEB} = {CC514F87-1E62-49CB-8ACC-0C557AF7011A}
		{A76C9DE8-3E38-42DF-983A-ACFAC6396532} = {CC514F87-1E62-49CB-8ACC-0C557AF7011A}
		{DE32B6FD-CC30-44AE-8984-FFA56F1865A0} = {CC514F87-1E62-49CB-8ACC-0C557AF7011A}
		{179B88E1-B310-4748-B6AD-68EE08C3F41A} = {CC514F87-1E62-49CB-8ACC-0C557AF7011A}
		{D87C5B53-04AE-417D-9B1B-83BB830232F3} = {CC514F87-1E62-49CB-8ACC-0C557AF7011A}
		{EA246A79-10ED-45BF-AB0F-7DE2F32257EF} = {1718D14C-44EF-4C15-A16F-C742008D8FC4}
		{235CE491-C36A-4B44-A2D6-D0D59482001B} = {77AC5AF2-1826-4385-A769-2964B46EA7F0}
	EndGlobalSection
EndGlobal
