
Microsoft Visual Studio Solution File, Format Version 12.00
# Visual Studio Version 16
VisualStudioVersion = 16.0.30114.105
MinimumVisualStudioVersion = 10.0.40219.1
Project("{2150E333-8FDC-42A3-9474-1A3956D46DE8}") = "src", "src", "{2AB40AB7-86E1-4E79-9C64-7E45533E6C9A}"
	ProjectSection(SolutionItems) = preProject
		src\Directory.Build.props = src\Directory.Build.props
		src\AssemblyInfo.cs = src\AssemblyInfo.cs
	EndProjectSection
EndProject
Project("{FAE04EC0-301F-11D3-BF4B-00C04F79EFBC}") = "Rustic.Attributes", "src\Rustic.Attributes\Rustic.Attributes.csproj", "{81B54DC4-A52B-4D08-BA67-E9F4C2FA9361}"
EndProject
Project("{FAE04EC0-301F-11D3-BF4B-00C04F79EFBC}") = "Rustic.Common", "src\Rustic.Common\Rustic.Common.csproj", "{3BFEEBAF-E91A-42D4-AAF6-15FC4ECAD850}"
EndProject
Project("{FAE04EC0-301F-11D3-BF4B-00C04F79EFBC}") = "Rustic.DataEnumGen", "src\Rustic.DataEnumGen\Rustic.DataEnumGen.csproj", "{59D57A6A-5B3C-4DA7-B976-4613A1613343}"
EndProject
Project("{FAE04EC0-301F-11D3-BF4B-00C04F79EFBC}") = "Rustic.Functional", "src\Rustic.Functional\Rustic.Functional.csproj", "{9A307ACE-97AB-4926-828F-68EB28F9BBCF}"
EndProject
Project("{FAE04EC0-301F-11D3-BF4B-00C04F79EFBC}") = "Rustic.Json", "src\Rustic.Json\Rustic.Json.csproj", "{7259825A-EBE9-464B-B6C5-B4175D2E3B10}"
EndProject
Project("{FAE04EC0-301F-11D3-BF4B-00C04F79EFBC}") = "Rustic.Memory", "src\Rustic.Memory\Rustic.Memory.csproj", "{8A32BB01-ED41-43E4-AFE5-A4817E6A9D3E}"
EndProject
Project("{FAE04EC0-301F-11D3-BF4B-00C04F79EFBC}") = "Rustic.Text", "src\Rustic.Text\Rustic.Text.csproj", "{21723404-FCE9-4528-8117-7E397A8C80C5}"
EndProject
Project("{FAE04EC0-301F-11D3-BF4B-00C04F79EFBC}") = "Rustic.Memory.Tests", "tests\Rustic.Memory.Tests\Rustic.Memory.Tests.csproj", "{6CDA2428-F6C1-4028-A546-AEF6F0E46BBE}"
EndProject
Project("{FAE04EC0-301F-11D3-BF4B-00C04F79EFBC}") = "Rustic.Text.Tests", "tests\Rustic.Text.Tests\Rustic.Text.Tests.csproj", "{55E7BAD8-2DD5-4060-963E-1200F0274155}"
EndProject
Project("{2150E333-8FDC-42A3-9474-1A3956D46DE8}") = "tests", "tests", "{7CBEE7B3-FC45-4676-B699-172FFCC40D9B}"
EndProject
Project("{FAE04EC0-301F-11D3-BF4B-00C04F79EFBC}") = "Rustic.Reflect", "src\Rustic.Reflect\Rustic.Reflect.csproj", "{0E8A8C80-2E8E-4BFD-B608-62D313F1C55E}"
EndProject
Project("{FAE04EC0-301F-11D3-BF4B-00C04F79EFBC}") = "Rustic.Source", "src\Rustic.Source\Rustic.Source.csproj", "{B5C90EFF-EC68-4364-97BB-58B2D7E7EA9B}"
EndProject
Project("{FAE04EC0-301F-11D3-BF4B-00C04F79EFBC}") = "Rustic.DataEnumGen.Tests", "tests\Rustic.DataEnumGen.Tests\Rustic.DataEnumGen.Tests.csproj", "{FC1F9DDF-395C-4B85-841B-7AE2D5EB7DAA}"
EndProject
Project("{FAE04EC0-301F-11D3-BF4B-00C04F79EFBC}") = "Rustic.Reflect.Tests", "tests\Rustic.Reflect.Tests\Rustic.Reflect.Tests.csproj", "{39A0FE38-87F9-46E7-8E39-1A3E9BA80712}"
EndProject
Global
	GlobalSection(SolutionConfigurationPlatforms) = preSolution
		Debug|Any CPU = Debug|Any CPU
		Release|Any CPU = Release|Any CPU
	EndGlobalSection
	GlobalSection(SolutionProperties) = preSolution
		HideSolutionNode = FALSE
	EndGlobalSection
	GlobalSection(ProjectConfigurationPlatforms) = postSolution
		{81B54DC4-A52B-4D08-BA67-E9F4C2FA9361}.Debug|Any CPU.ActiveCfg = Debug|Any CPU
		{81B54DC4-A52B-4D08-BA67-E9F4C2FA9361}.Debug|Any CPU.Build.0 = Debug|Any CPU
		{81B54DC4-A52B-4D08-BA67-E9F4C2FA9361}.Release|Any CPU.ActiveCfg = Release|Any CPU
		{81B54DC4-A52B-4D08-BA67-E9F4C2FA9361}.Release|Any CPU.Build.0 = Release|Any CPU
		{3BFEEBAF-E91A-42D4-AAF6-15FC4ECAD850}.Debug|Any CPU.ActiveCfg = Debug|Any CPU
		{3BFEEBAF-E91A-42D4-AAF6-15FC4ECAD850}.Debug|Any CPU.Build.0 = Debug|Any CPU
		{3BFEEBAF-E91A-42D4-AAF6-15FC4ECAD850}.Release|Any CPU.ActiveCfg = Release|Any CPU
		{3BFEEBAF-E91A-42D4-AAF6-15FC4ECAD850}.Release|Any CPU.Build.0 = Release|Any CPU
		{59D57A6A-5B3C-4DA7-B976-4613A1613343}.Debug|Any CPU.ActiveCfg = Debug|Any CPU
		{59D57A6A-5B3C-4DA7-B976-4613A1613343}.Debug|Any CPU.Build.0 = Debug|Any CPU
		{59D57A6A-5B3C-4DA7-B976-4613A1613343}.Release|Any CPU.ActiveCfg = Release|Any CPU
		{59D57A6A-5B3C-4DA7-B976-4613A1613343}.Release|Any CPU.Build.0 = Release|Any CPU
		{9A307ACE-97AB-4926-828F-68EB28F9BBCF}.Debug|Any CPU.ActiveCfg = Debug|Any CPU
		{9A307ACE-97AB-4926-828F-68EB28F9BBCF}.Debug|Any CPU.Build.0 = Debug|Any CPU
		{9A307ACE-97AB-4926-828F-68EB28F9BBCF}.Release|Any CPU.ActiveCfg = Release|Any CPU
		{9A307ACE-97AB-4926-828F-68EB28F9BBCF}.Release|Any CPU.Build.0 = Release|Any CPU
		{7259825A-EBE9-464B-B6C5-B4175D2E3B10}.Debug|Any CPU.ActiveCfg = Debug|Any CPU
		{7259825A-EBE9-464B-B6C5-B4175D2E3B10}.Debug|Any CPU.Build.0 = Debug|Any CPU
		{7259825A-EBE9-464B-B6C5-B4175D2E3B10}.Release|Any CPU.ActiveCfg = Release|Any CPU
		{7259825A-EBE9-464B-B6C5-B4175D2E3B10}.Release|Any CPU.Build.0 = Release|Any CPU
		{8A32BB01-ED41-43E4-AFE5-A4817E6A9D3E}.Debug|Any CPU.ActiveCfg = Debug|Any CPU
		{8A32BB01-ED41-43E4-AFE5-A4817E6A9D3E}.Debug|Any CPU.Build.0 = Debug|Any CPU
		{8A32BB01-ED41-43E4-AFE5-A4817E6A9D3E}.Release|Any CPU.ActiveCfg = Release|Any CPU
		{8A32BB01-ED41-43E4-AFE5-A4817E6A9D3E}.Release|Any CPU.Build.0 = Release|Any CPU
		{21723404-FCE9-4528-8117-7E397A8C80C5}.Debug|Any CPU.ActiveCfg = Debug|Any CPU
		{21723404-FCE9-4528-8117-7E397A8C80C5}.Debug|Any CPU.Build.0 = Debug|Any CPU
		{21723404-FCE9-4528-8117-7E397A8C80C5}.Release|Any CPU.ActiveCfg = Release|Any CPU
		{21723404-FCE9-4528-8117-7E397A8C80C5}.Release|Any CPU.Build.0 = Release|Any CPU
		{6CDA2428-F6C1-4028-A546-AEF6F0E46BBE}.Debug|Any CPU.ActiveCfg = Debug|Any CPU
		{6CDA2428-F6C1-4028-A546-AEF6F0E46BBE}.Debug|Any CPU.Build.0 = Debug|Any CPU
		{6CDA2428-F6C1-4028-A546-AEF6F0E46BBE}.Release|Any CPU.ActiveCfg = Release|Any CPU
		{6CDA2428-F6C1-4028-A546-AEF6F0E46BBE}.Release|Any CPU.Build.0 = Release|Any CPU
		{55E7BAD8-2DD5-4060-963E-1200F0274155}.Debug|Any CPU.ActiveCfg = Debug|Any CPU
		{55E7BAD8-2DD5-4060-963E-1200F0274155}.Debug|Any CPU.Build.0 = Debug|Any CPU
		{55E7BAD8-2DD5-4060-963E-1200F0274155}.Release|Any CPU.ActiveCfg = Release|Any CPU
		{55E7BAD8-2DD5-4060-963E-1200F0274155}.Release|Any CPU.Build.0 = Release|Any CPU
		{0E8A8C80-2E8E-4BFD-B608-62D313F1C55E}.Debug|Any CPU.ActiveCfg = Debug|Any CPU
		{0E8A8C80-2E8E-4BFD-B608-62D313F1C55E}.Debug|Any CPU.Build.0 = Debug|Any CPU
		{0E8A8C80-2E8E-4BFD-B608-62D313F1C55E}.Release|Any CPU.ActiveCfg = Release|Any CPU
		{0E8A8C80-2E8E-4BFD-B608-62D313F1C55E}.Release|Any CPU.Build.0 = Release|Any CPU
		{B5C90EFF-EC68-4364-97BB-58B2D7E7EA9B}.Debug|Any CPU.ActiveCfg = Debug|Any CPU
		{B5C90EFF-EC68-4364-97BB-58B2D7E7EA9B}.Debug|Any CPU.Build.0 = Debug|Any CPU
		{B5C90EFF-EC68-4364-97BB-58B2D7E7EA9B}.Release|Any CPU.ActiveCfg = Release|Any CPU
		{B5C90EFF-EC68-4364-97BB-58B2D7E7EA9B}.Release|Any CPU.Build.0 = Release|Any CPU
		{FC1F9DDF-395C-4B85-841B-7AE2D5EB7DAA}.Debug|Any CPU.ActiveCfg = Debug|Any CPU
		{FC1F9DDF-395C-4B85-841B-7AE2D5EB7DAA}.Debug|Any CPU.Build.0 = Debug|Any CPU
		{FC1F9DDF-395C-4B85-841B-7AE2D5EB7DAA}.Release|Any CPU.ActiveCfg = Release|Any CPU
		{FC1F9DDF-395C-4B85-841B-7AE2D5EB7DAA}.Release|Any CPU.Build.0 = Release|Any CPU
		{39A0FE38-87F9-46E7-8E39-1A3E9BA80712}.Debug|Any CPU.ActiveCfg = Debug|Any CPU
		{39A0FE38-87F9-46E7-8E39-1A3E9BA80712}.Debug|Any CPU.Build.0 = Debug|Any CPU
		{39A0FE38-87F9-46E7-8E39-1A3E9BA80712}.Release|Any CPU.ActiveCfg = Release|Any CPU
		{39A0FE38-87F9-46E7-8E39-1A3E9BA80712}.Release|Any CPU.Build.0 = Release|Any CPU
	EndGlobalSection
	GlobalSection(NestedProjects) = preSolution
		{81B54DC4-A52B-4D08-BA67-E9F4C2FA9361} = {2AB40AB7-86E1-4E79-9C64-7E45533E6C9A}
		{3BFEEBAF-E91A-42D4-AAF6-15FC4ECAD850} = {2AB40AB7-86E1-4E79-9C64-7E45533E6C9A}
		{59D57A6A-5B3C-4DA7-B976-4613A1613343} = {2AB40AB7-86E1-4E79-9C64-7E45533E6C9A}
		{9A307ACE-97AB-4926-828F-68EB28F9BBCF} = {2AB40AB7-86E1-4E79-9C64-7E45533E6C9A}
		{7259825A-EBE9-464B-B6C5-B4175D2E3B10} = {2AB40AB7-86E1-4E79-9C64-7E45533E6C9A}
		{8A32BB01-ED41-43E4-AFE5-A4817E6A9D3E} = {2AB40AB7-86E1-4E79-9C64-7E45533E6C9A}
		{21723404-FCE9-4528-8117-7E397A8C80C5} = {2AB40AB7-86E1-4E79-9C64-7E45533E6C9A}
		{6CDA2428-F6C1-4028-A546-AEF6F0E46BBE} = {7CBEE7B3-FC45-4676-B699-172FFCC40D9B}
		{55E7BAD8-2DD5-4060-963E-1200F0274155} = {7CBEE7B3-FC45-4676-B699-172FFCC40D9B}
		{0E8A8C80-2E8E-4BFD-B608-62D313F1C55E} = {2AB40AB7-86E1-4E79-9C64-7E45533E6C9A}
		{B5C90EFF-EC68-4364-97BB-58B2D7E7EA9B} = {2AB40AB7-86E1-4E79-9C64-7E45533E6C9A}
		{FC1F9DDF-395C-4B85-841B-7AE2D5EB7DAA} = {7CBEE7B3-FC45-4676-B699-172FFCC40D9B}
		{39A0FE38-87F9-46E7-8E39-1A3E9BA80712} = {7CBEE7B3-FC45-4676-B699-172FFCC40D9B}
	EndGlobalSection
EndGlobal
