
Microsoft Visual Studio Solution File, Format Version 12.00
# Visual Studio Version 17
VisualStudioVersion = 17.1.32104.313
MinimumVisualStudioVersion = 10.0.40219.1
Project("{2150E333-8FDC-42A3-9474-1A3956D46DE8}") = "Solution Items", "Solution Items", "{0576B026-1471-4C2D-8B21-A2A08FCA02EE}"
	ProjectSection(SolutionItems) = preProject
		.editorconfig = ..\.editorconfig
		README.md = ..\README.md
	EndProjectSection
EndProject
Project("{FAE04EC0-301F-11D3-BF4B-00C04F79EFBC}") = "Rustic.Common", "Rustic.Common\Rustic.Common.csproj", "{EDBCAE95-EFB8-4C29-A749-160CD510E38A}"
EndProject
Project("{FAE04EC0-301F-11D3-BF4B-00C04F79EFBC}") = "Rustic.Text", "Rustic.Text\Rustic.Text.csproj", "{29CEEBD6-8017-4745-AC12-AC8C449EB683}"
EndProject
Project("{FAE04EC0-301F-11D3-BF4B-00C04F79EFBC}") = "Rustic.Memory.Tests", "Rustic.Memory.Tests\Rustic.Memory.Tests.csproj", "{63DAD042-816B-4F10-9CDF-5D472B5396C6}"
EndProject
Project("{FAE04EC0-301F-11D3-BF4B-00C04F79EFBC}") = "Rustic.Memory", "Rustic.Memory\Rustic.Memory.csproj", "{CE2AEB15-735D-4E48-81D6-72EA7C58A5F4}"
EndProject
Project("{FAE04EC0-301F-11D3-BF4B-00C04F79EFBC}") = "Rustic.Text.Tests", "Rustic.Text.Tests\Rustic.Text.Tests.csproj", "{0F5B425B-205E-4B60-B761-30DEDF6394D7}"
EndProject
Global
	GlobalSection(SolutionConfigurationPlatforms) = preSolution
		Debug|Any CPU = Debug|Any CPU
		Debug|x64 = Debug|x64
		Debug|x86 = Debug|x86
		Release|Any CPU = Release|Any CPU
		Release|x64 = Release|x64
		Release|x86 = Release|x86
	EndGlobalSection
	GlobalSection(ProjectConfigurationPlatforms) = postSolution
		{EDBCAE95-EFB8-4C29-A749-160CD510E38A}.Debug|Any CPU.ActiveCfg = Debug|Any CPU
		{EDBCAE95-EFB8-4C29-A749-160CD510E38A}.Debug|Any CPU.Build.0 = Debug|Any CPU
		{EDBCAE95-EFB8-4C29-A749-160CD510E38A}.Debug|x64.ActiveCfg = Debug|Any CPU
		{EDBCAE95-EFB8-4C29-A749-160CD510E38A}.Debug|x64.Build.0 = Debug|Any CPU
		{EDBCAE95-EFB8-4C29-A749-160CD510E38A}.Debug|x86.ActiveCfg = Debug|Any CPU
		{EDBCAE95-EFB8-4C29-A749-160CD510E38A}.Debug|x86.Build.0 = Debug|Any CPU
		{EDBCAE95-EFB8-4C29-A749-160CD510E38A}.Release|Any CPU.ActiveCfg = Release|Any CPU
		{EDBCAE95-EFB8-4C29-A749-160CD510E38A}.Release|Any CPU.Build.0 = Release|Any CPU
		{EDBCAE95-EFB8-4C29-A749-160CD510E38A}.Release|x64.ActiveCfg = Release|Any CPU
		{EDBCAE95-EFB8-4C29-A749-160CD510E38A}.Release|x64.Build.0 = Release|Any CPU
		{EDBCAE95-EFB8-4C29-A749-160CD510E38A}.Release|x86.ActiveCfg = Release|Any CPU
		{EDBCAE95-EFB8-4C29-A749-160CD510E38A}.Release|x86.Build.0 = Release|Any CPU
		{29CEEBD6-8017-4745-AC12-AC8C449EB683}.Debug|Any CPU.ActiveCfg = Debug|Any CPU
		{29CEEBD6-8017-4745-AC12-AC8C449EB683}.Debug|Any CPU.Build.0 = Debug|Any CPU
		{29CEEBD6-8017-4745-AC12-AC8C449EB683}.Debug|x64.ActiveCfg = Debug|Any CPU
		{29CEEBD6-8017-4745-AC12-AC8C449EB683}.Debug|x64.Build.0 = Debug|Any CPU
		{29CEEBD6-8017-4745-AC12-AC8C449EB683}.Debug|x86.ActiveCfg = Debug|Any CPU
		{29CEEBD6-8017-4745-AC12-AC8C449EB683}.Debug|x86.Build.0 = Debug|Any CPU
		{29CEEBD6-8017-4745-AC12-AC8C449EB683}.Release|Any CPU.ActiveCfg = Release|Any CPU
		{29CEEBD6-8017-4745-AC12-AC8C449EB683}.Release|Any CPU.Build.0 = Release|Any CPU
		{29CEEBD6-8017-4745-AC12-AC8C449EB683}.Release|x64.ActiveCfg = Release|Any CPU
		{29CEEBD6-8017-4745-AC12-AC8C449EB683}.Release|x64.Build.0 = Release|Any CPU
		{29CEEBD6-8017-4745-AC12-AC8C449EB683}.Release|x86.ActiveCfg = Release|Any CPU
		{29CEEBD6-8017-4745-AC12-AC8C449EB683}.Release|x86.Build.0 = Release|Any CPU
		{63DAD042-816B-4F10-9CDF-5D472B5396C6}.Debug|Any CPU.ActiveCfg = Debug|Any CPU
		{63DAD042-816B-4F10-9CDF-5D472B5396C6}.Debug|Any CPU.Build.0 = Debug|Any CPU
		{63DAD042-816B-4F10-9CDF-5D472B5396C6}.Debug|x64.ActiveCfg = Debug|Any CPU
		{63DAD042-816B-4F10-9CDF-5D472B5396C6}.Debug|x64.Build.0 = Debug|Any CPU
		{63DAD042-816B-4F10-9CDF-5D472B5396C6}.Debug|x86.ActiveCfg = Debug|Any CPU
		{63DAD042-816B-4F10-9CDF-5D472B5396C6}.Debug|x86.Build.0 = Debug|Any CPU
		{63DAD042-816B-4F10-9CDF-5D472B5396C6}.Release|Any CPU.ActiveCfg = Release|Any CPU
		{63DAD042-816B-4F10-9CDF-5D472B5396C6}.Release|Any CPU.Build.0 = Release|Any CPU
		{63DAD042-816B-4F10-9CDF-5D472B5396C6}.Release|x64.ActiveCfg = Release|Any CPU
		{63DAD042-816B-4F10-9CDF-5D472B5396C6}.Release|x64.Build.0 = Release|Any CPU
		{63DAD042-816B-4F10-9CDF-5D472B5396C6}.Release|x86.ActiveCfg = Release|Any CPU
		{63DAD042-816B-4F10-9CDF-5D472B5396C6}.Release|x86.Build.0 = Release|Any CPU
		{CE2AEB15-735D-4E48-81D6-72EA7C58A5F4}.Debug|Any CPU.ActiveCfg = Debug|Any CPU
		{CE2AEB15-735D-4E48-81D6-72EA7C58A5F4}.Debug|Any CPU.Build.0 = Debug|Any CPU
		{CE2AEB15-735D-4E48-81D6-72EA7C58A5F4}.Debug|x64.ActiveCfg = Debug|Any CPU
		{CE2AEB15-735D-4E48-81D6-72EA7C58A5F4}.Debug|x64.Build.0 = Debug|Any CPU
		{CE2AEB15-735D-4E48-81D6-72EA7C58A5F4}.Debug|x86.ActiveCfg = Debug|Any CPU
		{CE2AEB15-735D-4E48-81D6-72EA7C58A5F4}.Debug|x86.Build.0 = Debug|Any CPU
		{CE2AEB15-735D-4E48-81D6-72EA7C58A5F4}.Release|Any CPU.ActiveCfg = Release|Any CPU
		{CE2AEB15-735D-4E48-81D6-72EA7C58A5F4}.Release|Any CPU.Build.0 = Release|Any CPU
		{CE2AEB15-735D-4E48-81D6-72EA7C58A5F4}.Release|x64.ActiveCfg = Release|Any CPU
		{CE2AEB15-735D-4E48-81D6-72EA7C58A5F4}.Release|x64.Build.0 = Release|Any CPU
		{CE2AEB15-735D-4E48-81D6-72EA7C58A5F4}.Release|x86.ActiveCfg = Release|Any CPU
		{CE2AEB15-735D-4E48-81D6-72EA7C58A5F4}.Release|x86.Build.0 = Release|Any CPU
		{0F5B425B-205E-4B60-B761-30DEDF6394D7}.Debug|Any CPU.ActiveCfg = Debug|Any CPU
		{0F5B425B-205E-4B60-B761-30DEDF6394D7}.Debug|Any CPU.Build.0 = Debug|Any CPU
		{0F5B425B-205E-4B60-B761-30DEDF6394D7}.Debug|x64.ActiveCfg = Debug|Any CPU
		{0F5B425B-205E-4B60-B761-30DEDF6394D7}.Debug|x64.Build.0 = Debug|Any CPU
		{0F5B425B-205E-4B60-B761-30DEDF6394D7}.Debug|x86.ActiveCfg = Debug|Any CPU
		{0F5B425B-205E-4B60-B761-30DEDF6394D7}.Debug|x86.Build.0 = Debug|Any CPU
		{0F5B425B-205E-4B60-B761-30DEDF6394D7}.Release|Any CPU.ActiveCfg = Release|Any CPU
		{0F5B425B-205E-4B60-B761-30DEDF6394D7}.Release|Any CPU.Build.0 = Release|Any CPU
		{0F5B425B-205E-4B60-B761-30DEDF6394D7}.Release|x64.ActiveCfg = Release|Any CPU
		{0F5B425B-205E-4B60-B761-30DEDF6394D7}.Release|x64.Build.0 = Release|Any CPU
		{0F5B425B-205E-4B60-B761-30DEDF6394D7}.Release|x86.ActiveCfg = Release|Any CPU
		{0F5B425B-205E-4B60-B761-30DEDF6394D7}.Release|x86.Build.0 = Release|Any CPU
	EndGlobalSection
EndGlobal
